
Microsoft Visual Studio Solution File, Format Version 12.00
# Visual Studio Version 17
VisualStudioVersion = 17.7.34009.444
MinimumVisualStudioVersion = 10.0.40219.1
Project("{FAE04EC0-301F-11D3-BF4B-00C04F79EFBC}") = "Common", "src\Common\Common.csproj", "{A1EEC9CE-DA5B-438E-9A38-281523F45026}"
EndProject
Project("{2150E333-8FDC-42A3-9474-1A3956D46DE8}") = "src", "src", "{125E6703-9C11-49B8-AC98-AB9BBF800760}"
EndProject
Project("{FAE04EC0-301F-11D3-BF4B-00C04F79EFBC}") = "App", "src\App\App.csproj", "{1F435182-910E-4858-8F56-3CD5ADA8B8C5}"
EndProject
Project("{FAE04EC0-301F-11D3-BF4B-00C04F79EFBC}") = "Access", "src\Modules\Access\Access.csproj", "{AF58631A-03B7-D5EB-9F58-B8DD775E2087}"
EndProject
Project("{FAE04EC0-301F-11D3-BF4B-00C04F79EFBC}") = "Operations", "src\Modules\Operation\Operations.csproj", "{BB333E10-54C2-1397-726E-39021BABC66C}"
EndProject
Project("{FAE04EC0-301F-11D3-BF4B-00C04F79EFBC}") = "Users", "src\Modules\User\Users.csproj", "{419AC6F0-A738-E33A-F5F5-F9F0A66DFE0A}"
EndProject
Project("{FAE04EC0-301F-11D3-BF4B-00C04F79EFBC}") = "Cards", "src\Modules\Card\Cards.csproj", "{153ED68A-ED05-3938-48E4-FFFBA1B77150}"
EndProject
Project("{FAE04EC0-301F-11D3-BF4B-00C04F79EFBC}") = "Valutas", "src\Modules\Valuta\Valutas.csproj", "{F96AD33D-D382-48AB-8FA0-1692CCE8AE10}"
EndProject
Global
	GlobalSection(SolutionConfigurationPlatforms) = preSolution
		Debug|Any CPU = Debug|Any CPU
		Release|Any CPU = Release|Any CPU
	EndGlobalSection
	GlobalSection(ProjectConfigurationPlatforms) = postSolution
		{A1EEC9CE-DA5B-438E-9A38-281523F45026}.Debug|Any CPU.ActiveCfg = Debug|Any CPU
		{A1EEC9CE-DA5B-438E-9A38-281523F45026}.Debug|Any CPU.Build.0 = Debug|Any CPU
		{A1EEC9CE-DA5B-438E-9A38-281523F45026}.Release|Any CPU.ActiveCfg = Release|Any CPU
		{A1EEC9CE-DA5B-438E-9A38-281523F45026}.Release|Any CPU.Build.0 = Release|Any CPU
		{1F435182-910E-4858-8F56-3CD5ADA8B8C5}.Debug|Any CPU.ActiveCfg = Debug|Any CPU
		{1F435182-910E-4858-8F56-3CD5ADA8B8C5}.Debug|Any CPU.Build.0 = Debug|Any CPU
		{1F435182-910E-4858-8F56-3CD5ADA8B8C5}.Release|Any CPU.ActiveCfg = Release|Any CPU
		{1F435182-910E-4858-8F56-3CD5ADA8B8C5}.Release|Any CPU.Build.0 = Release|Any CPU
		{AF58631A-03B7-D5EB-9F58-B8DD775E2087}.Debug|Any CPU.ActiveCfg = Debug|Any CPU
		{AF58631A-03B7-D5EB-9F58-B8DD775E2087}.Debug|Any CPU.Build.0 = Debug|Any CPU
		{AF58631A-03B7-D5EB-9F58-B8DD775E2087}.Release|Any CPU.ActiveCfg = Release|Any CPU
		{AF58631A-03B7-D5EB-9F58-B8DD775E2087}.Release|Any CPU.Build.0 = Release|Any CPU
		{BB333E10-54C2-1397-726E-39021BABC66C}.Debug|Any CPU.ActiveCfg = Debug|Any CPU
		{BB333E10-54C2-1397-726E-39021BABC66C}.Debug|Any CPU.Build.0 = Debug|Any CPU
		{BB333E10-54C2-1397-726E-39021BABC66C}.Release|Any CPU.ActiveCfg = Release|Any CPU
		{BB333E10-54C2-1397-726E-39021BABC66C}.Release|Any CPU.Build.0 = Release|Any CPU
		{419AC6F0-A738-E33A-F5F5-F9F0A66DFE0A}.Debug|Any CPU.ActiveCfg = Debug|Any CPU
		{419AC6F0-A738-E33A-F5F5-F9F0A66DFE0A}.Debug|Any CPU.Build.0 = Debug|Any CPU
		{419AC6F0-A738-E33A-F5F5-F9F0A66DFE0A}.Release|Any CPU.ActiveCfg = Release|Any CPU
		{419AC6F0-A738-E33A-F5F5-F9F0A66DFE0A}.Release|Any CPU.Build.0 = Release|Any CPU
		{153ED68A-ED05-3938-48E4-FFFBA1B77150}.Debug|Any CPU.ActiveCfg = Debug|Any CPU
		{153ED68A-ED05-3938-48E4-FFFBA1B77150}.Debug|Any CPU.Build.0 = Debug|Any CPU
		{153ED68A-ED05-3938-48E4-FFFBA1B77150}.Release|Any CPU.ActiveCfg = Release|Any CPU
		{153ED68A-ED05-3938-48E4-FFFBA1B77150}.Release|Any CPU.Build.0 = Release|Any CPU
		{F96AD33D-D382-48AB-8FA0-1692CCE8AE10}.Debug|Any CPU.ActiveCfg = Debug|Any CPU
		{F96AD33D-D382-48AB-8FA0-1692CCE8AE10}.Debug|Any CPU.Build.0 = Debug|Any CPU
		{F96AD33D-D382-48AB-8FA0-1692CCE8AE10}.Release|Any CPU.ActiveCfg = Release|Any CPU
		{F96AD33D-D382-48AB-8FA0-1692CCE8AE10}.Release|Any CPU.Build.0 = Release|Any CPU
	EndGlobalSection
	GlobalSection(SolutionProperties) = preSolution
		HideSolutionNode = FALSE
	EndGlobalSection
	GlobalSection(NestedProjects) = preSolution
		{A1EEC9CE-DA5B-438E-9A38-281523F45026} = {125E6703-9C11-49B8-AC98-AB9BBF800760}
		{1F435182-910E-4858-8F56-3CD5ADA8B8C5} = {125E6703-9C11-49B8-AC98-AB9BBF800760}
		{AF58631A-03B7-D5EB-9F58-B8DD775E2087} = {125E6703-9C11-49B8-AC98-AB9BBF800760}
		{BB333E10-54C2-1397-726E-39021BABC66C} = {125E6703-9C11-49B8-AC98-AB9BBF800760}
		{419AC6F0-A738-E33A-F5F5-F9F0A66DFE0A} = {125E6703-9C11-49B8-AC98-AB9BBF800760}
		{153ED68A-ED05-3938-48E4-FFFBA1B77150} = {125E6703-9C11-49B8-AC98-AB9BBF800760}
		{F96AD33D-D382-48AB-8FA0-1692CCE8AE10} = {125E6703-9C11-49B8-AC98-AB9BBF800760}
	EndGlobalSection
	GlobalSection(ExtensibilityGlobals) = postSolution
		SolutionGuid = {1E5B720C-A635-4F96-9159-0455CE0B03DA}
	EndGlobalSection
EndGlobal
